
Microsoft Visual Studio Solution File, Format Version 12.00
# Visual Studio 15
VisualStudioVersion = 15.0.27703.2042
MinimumVisualStudioVersion = 10.0.40219.1
Project("{FAE04EC0-301F-11D3-BF4B-00C04F79EFBC}") = "CG 5-2 New Calculator", "CG 5-2 New Calculator\CG 5-2 New Calculator.csproj", "{859C88E4-3EDC-4C92-85A3-958E14EB0EC5}"
EndProject
Global
	GlobalSection(SolutionConfigurationPlatforms) = preSolution
		Debug|Any CPU = Debug|Any CPU
		Release|Any CPU = Release|Any CPU
	EndGlobalSection
	GlobalSection(ProjectConfigurationPlatforms) = postSolution
		{859C88E4-3EDC-4C92-85A3-958E14EB0EC5}.Debug|Any CPU.ActiveCfg = Debug|Any CPU
		{859C88E4-3EDC-4C92-85A3-958E14EB0EC5}.Debug|Any CPU.Build.0 = Debug|Any CPU
		{859C88E4-3EDC-4C92-85A3-958E14EB0EC5}.Release|Any CPU.ActiveCfg = Release|Any CPU
		{859C88E4-3EDC-4C92-85A3-958E14EB0EC5}.Release|Any CPU.Build.0 = Release|Any CPU
	EndGlobalSection
	GlobalSection(SolutionProperties) = preSolution
		HideSolutionNode = FALSE
	EndGlobalSection
	GlobalSection(ExtensibilityGlobals) = postSolution
		SolutionGuid = {0BFC1779-F2D4-47C1-B088-5D0557F62A70}
	EndGlobalSection
EndGlobal
